
Microsoft Visual Studio Solution File, Format Version 12.00
# Visual Studio Version 16
VisualStudioVersion = 16.0.31624.102
MinimumVisualStudioVersion = 10.0.40219.1
Project("{FAE04EC0-301F-11D3-BF4B-00C04F79EFBC}") = "WebCodeFirstApproach", "WebCodeFirstApproach.csproj", "{E2723C40-BCC6-4548-B9D0-7906AD5561E7}"
EndProject
Global
	GlobalSection(SolutionConfigurationPlatforms) = preSolution
		Debug|Any CPU = Debug|Any CPU
		Release|Any CPU = Release|Any CPU
	EndGlobalSection
	GlobalSection(ProjectConfigurationPlatforms) = postSolution
		{E2723C40-BCC6-4548-B9D0-7906AD5561E7}.Debug|Any CPU.ActiveCfg = Debug|Any CPU
		{E2723C40-BCC6-4548-B9D0-7906AD5561E7}.Debug|Any CPU.Build.0 = Debug|Any CPU
		{E2723C40-BCC6-4548-B9D0-7906AD5561E7}.Release|Any CPU.ActiveCfg = Release|Any CPU
		{E2723C40-BCC6-4548-B9D0-7906AD5561E7}.Release|Any CPU.Build.0 = Release|Any CPU
	EndGlobalSection
	GlobalSection(SolutionProperties) = preSolution
		HideSolutionNode = FALSE
	EndGlobalSection
	GlobalSection(ExtensibilityGlobals) = postSolution
		SolutionGuid = {0F25FF4B-A2E5-4824-80A5-D8F0B9E0DB6B}
	EndGlobalSection
EndGlobal
